
Microsoft Visual Studio Solution File, Format Version 12.00
# Visual Studio Version 17
VisualStudioVersion = 17.8.34408.163
MinimumVisualStudioVersion = 10.0.40219.1
Project("{2150E333-8FDC-42A3-9474-1A3956D46DE8}") = "src", "src", "{66BFF8A2-32AE-4801-823C-0CB5DC3EB2CA}"
EndProject
Project("{2150E333-8FDC-42A3-9474-1A3956D46DE8}") = "00.A00", "00.A00", "{8F24F65E-94A4-4576-A389-997556313B11}"
EndProject
Project("{2150E333-8FDC-42A3-9474-1A3956D46DE8}") = "00.CORE", "00.CORE", "{37CCA44A-A49A-4BD8-AA50-95CF174588AF}"
EndProject
Project("{2150E333-8FDC-42A3-9474-1A3956D46DE8}") = "CORE.API", "CORE.API", "{AF693921-EADD-45D7-82AA-37F292FEC9F4}"
EndProject
Project("{2150E333-8FDC-42A3-9474-1A3956D46DE8}") = "CORE.COMMON", "CORE.COMMON", "{86B5E020-5AC3-418E-B600-16E9828F68C7}"
EndProject
Project("{2150E333-8FDC-42A3-9474-1A3956D46DE8}") = "CORE.DATAACCESS", "CORE.DATAACCESS", "{8A2D9C3D-EAEF-41AA-BA6B-2185D7177FA8}"
EndProject
Project("{FAE04EC0-301F-11D3-BF4B-00C04F79EFBC}") = "ASOFT.ERP.API", "00.BUILD\ASOFT.ERP.API.csproj", "{34C08513-C318-4795-BAF3-531D099A4D96}"
EndProject
Project("{FAE04EC0-301F-11D3-BF4B-00C04F79EFBC}") = "ASOFT.A00.API", "00.A00\ASOFT.A00.API\ASOFT.A00.API.csproj", "{E3C968F8-D455-4BE7-8FF7-5B31C20165AB}"
EndProject
Project("{FAE04EC0-301F-11D3-BF4B-00C04F79EFBC}") = "ASOFT.A00.DataAccess", "00.A00\ASOFT.A00.DataAccess\ASOFT.A00.DataAccess.csproj", "{D70304B3-E0A8-45ED-9BD5-E1454C2A9DDE}"
EndProject
Project("{FAE04EC0-301F-11D3-BF4B-00C04F79EFBC}") = "ASOFT.A00.Entities", "00.A00\ASOFT.A00.Entities\ASOFT.A00.Entities.csproj", "{39940B93-48F2-424E-87C7-B4940F6F0445}"
EndProject
Project("{FAE04EC0-301F-11D3-BF4B-00C04F79EFBC}") = "ASOFT.Core.API", "00.CORE\ASOFT.Core.API\ASOFT.Core.API\ASOFT.Core.API.csproj", "{43F25A35-3F30-470D-8C53-5CCA102AED94}"
EndProject
Project("{FAE04EC0-301F-11D3-BF4B-00C04F79EFBC}") = "ASOFT.Core.Common.InjectionChecker", "00.CORE\ASOFT.Core.Common\ASOFT.Core.Common.InjectionChecker\ASOFT.Core.Common.InjectionChecker.csproj", "{A0A750CF-01B2-461A-B28B-41BB0D7169B0}"
EndProject
Project("{FAE04EC0-301F-11D3-BF4B-00C04F79EFBC}") = "ASOFT.Core.Common.Security.Identity", "00.CORE\ASOFT.Core.Common\ASOFT.Core.Common.Security\ASOFT.Core.Common.Security.Identity\ASOFT.Core.Common.Security.Identity.csproj", "{20E24465-2312-43DC-9E41-35CF8AC031D2}"
EndProject
Project("{FAE04EC0-301F-11D3-BF4B-00C04F79EFBC}") = "ASOFT.Core.DataAccess", "00.CORE\ASOFT.Core.DataAccess\ASOFT.Core.DataAccess\ASOFT.Core.DataAccess.csproj", "{090BC8F7-EADE-40FB-A090-0545E99C29D4}"
EndProject
Project("{FAE04EC0-301F-11D3-BF4B-00C04F79EFBC}") = "ASOFT.Core.DataAccess.Abstractions", "00.CORE\ASOFT.Core.DataAccess\ASOFT.Core.DataAccess.Abstractions\ASOFT.Core.DataAccess.Abstractions.csproj", "{B4AB501A-3276-438C-A327-9825993D08C2}"
EndProject
Project("{FAE04EC0-301F-11D3-BF4B-00C04F79EFBC}") = "ASOFT.Core.DataAccess.Entities", "00.CORE\ASOFT.Core.DataAccess\ASOFT.Core.DataAccess.Entity\ASOFT.Core.DataAccess.Entities.csproj", "{B15F9564-A714-4ABC-9533-C9C3F055C5E3}"
EndProject
Project("{2150E333-8FDC-42A3-9474-1A3956D46DE8}") = "CORE.AI", "CORE.AI", "{527982D5-F936-4B22-BFAB-39067A6D62A6}"
EndProject
Project("{FAE04EC0-301F-11D3-BF4B-00C04F79EFBC}") = "ASOFT.CoreAI.Abstractions", "00.CORE\ASOFT.Core.AI\ASOFT.CoreAI.Abstractions\ASOFT.CoreAI.Abstractions.csproj", "{BBAE88D5-9BE3-AABC-3CA0-EBA93A9F8E47}"
EndProject
Project("{FAE04EC0-301F-11D3-BF4B-00C04F79EFBC}") = "ASOFT.CoreAI.API", "00.CORE\ASOFT.Core.AI\ASOFT.CoreAI.API\ASOFT.CoreAI.API.csproj", "{F20701EC-A617-E60D-5ED5-1CBA59EA8EB6}"
EndProject
Project("{FAE04EC0-301F-11D3-BF4B-00C04F79EFBC}") = "ASOFT.CoreAI.Infrastructure", "00.CORE\ASOFT.Core.AI\ASOFT.CoreAI.Infrastructure\ASOFT.CoreAI.Infrastructure.csproj", "{D46F0FDA-9495-B9C4-E27D-AFAACA2D7403}"
EndProject
Project("{FAE04EC0-301F-11D3-BF4B-00C04F79EFBC}") = "ASOFT.CoreAI.Common", "00.CORE\ASOFT.Core.AI\ASOFT.CoreAI.Common\ASOFT.CoreAI.Common.csproj", "{DD2E29E1-D135-3D29-DE92-D2DABEA0E634}"
EndProject
Project("{FAE04EC0-301F-11D3-BF4B-00C04F79EFBC}") = "ASOFT.CoreAI.Entities", "00.CORE\ASOFT.Core.AI\ASOFT.CoreAI.Entities\ASOFT.CoreAI.Entities.csproj", "{E89F0B76-5490-53F8-9991-E5C343D338ED}"
EndProject
Project("{FAE04EC0-301F-11D3-BF4B-00C04F79EFBC}") = "ASOFT.CoreAI.Business", "00.CORE\ASOFT.Core.AI\ASOFT.CoreAI.Business\ASOFT.CoreAI.Business.csproj", "{E9621C74-CCCF-1BCE-56F6-824729AC2B97}"
EndProject
Global
	GlobalSection(SolutionConfigurationPlatforms) = preSolution
		Debug|Any CPU = Debug|Any CPU
		Release|Any CPU = Release|Any CPU
	EndGlobalSection
	GlobalSection(ProjectConfigurationPlatforms) = postSolution
		{34C08513-C318-4795-BAF3-531D099A4D96}.Debug|Any CPU.ActiveCfg = Debug|Any CPU
		{34C08513-C318-4795-BAF3-531D099A4D96}.Debug|Any CPU.Build.0 = Debug|Any CPU
		{34C08513-C318-4795-BAF3-531D099A4D96}.Release|Any CPU.ActiveCfg = Release|Any CPU
		{34C08513-C318-4795-BAF3-531D099A4D96}.Release|Any CPU.Build.0 = Release|Any CPU
		{E3C968F8-D455-4BE7-8FF7-5B31C20165AB}.Debug|Any CPU.ActiveCfg = Debug|Any CPU
		{E3C968F8-D455-4BE7-8FF7-5B31C20165AB}.Debug|Any CPU.Build.0 = Debug|Any CPU
		{E3C968F8-D455-4BE7-8FF7-5B31C20165AB}.Release|Any CPU.ActiveCfg = Release|Any CPU
		{E3C968F8-D455-4BE7-8FF7-5B31C20165AB}.Release|Any CPU.Build.0 = Release|Any CPU
		{D70304B3-E0A8-45ED-9BD5-E1454C2A9DDE}.Debug|Any CPU.ActiveCfg = Debug|Any CPU
		{D70304B3-E0A8-45ED-9BD5-E1454C2A9DDE}.Debug|Any CPU.Build.0 = Debug|Any CPU
		{D70304B3-E0A8-45ED-9BD5-E1454C2A9DDE}.Release|Any CPU.ActiveCfg = Release|Any CPU
		{D70304B3-E0A8-45ED-9BD5-E1454C2A9DDE}.Release|Any CPU.Build.0 = Release|Any CPU
		{39940B93-48F2-424E-87C7-B4940F6F0445}.Debug|Any CPU.ActiveCfg = Debug|Any CPU
		{39940B93-48F2-424E-87C7-B4940F6F0445}.Debug|Any CPU.Build.0 = Debug|Any CPU
		{39940B93-48F2-424E-87C7-B4940F6F0445}.Release|Any CPU.ActiveCfg = Release|Any CPU
		{39940B93-48F2-424E-87C7-B4940F6F0445}.Release|Any CPU.Build.0 = Release|Any CPU
		{43F25A35-3F30-470D-8C53-5CCA102AED94}.Debug|Any CPU.ActiveCfg = Debug|Any CPU
		{43F25A35-3F30-470D-8C53-5CCA102AED94}.Debug|Any CPU.Build.0 = Debug|Any CPU
		{43F25A35-3F30-470D-8C53-5CCA102AED94}.Release|Any CPU.ActiveCfg = Release|Any CPU
		{43F25A35-3F30-470D-8C53-5CCA102AED94}.Release|Any CPU.Build.0 = Release|Any CPU
		{A0A750CF-01B2-461A-B28B-41BB0D7169B0}.Debug|Any CPU.ActiveCfg = Debug|Any CPU
		{A0A750CF-01B2-461A-B28B-41BB0D7169B0}.Debug|Any CPU.Build.0 = Debug|Any CPU
		{A0A750CF-01B2-461A-B28B-41BB0D7169B0}.Release|Any CPU.ActiveCfg = Release|Any CPU
		{A0A750CF-01B2-461A-B28B-41BB0D7169B0}.Release|Any CPU.Build.0 = Release|Any CPU
		{20E24465-2312-43DC-9E41-35CF8AC031D2}.Debug|Any CPU.ActiveCfg = Debug|Any CPU
		{20E24465-2312-43DC-9E41-35CF8AC031D2}.Debug|Any CPU.Build.0 = Debug|Any CPU
		{20E24465-2312-43DC-9E41-35CF8AC031D2}.Release|Any CPU.ActiveCfg = Release|Any CPU
		{20E24465-2312-43DC-9E41-35CF8AC031D2}.Release|Any CPU.Build.0 = Release|Any CPU
		{090BC8F7-EADE-40FB-A090-0545E99C29D4}.Debug|Any CPU.ActiveCfg = Debug|Any CPU
		{090BC8F7-EADE-40FB-A090-0545E99C29D4}.Debug|Any CPU.Build.0 = Debug|Any CPU
		{090BC8F7-EADE-40FB-A090-0545E99C29D4}.Release|Any CPU.ActiveCfg = Release|Any CPU
		{090BC8F7-EADE-40FB-A090-0545E99C29D4}.Release|Any CPU.Build.0 = Release|Any CPU
		{B4AB501A-3276-438C-A327-9825993D08C2}.Debug|Any CPU.ActiveCfg = Debug|Any CPU
		{B4AB501A-3276-438C-A327-9825993D08C2}.Debug|Any CPU.Build.0 = Debug|Any CPU
		{B4AB501A-3276-438C-A327-9825993D08C2}.Release|Any CPU.ActiveCfg = Release|Any CPU
		{B4AB501A-3276-438C-A327-9825993D08C2}.Release|Any CPU.Build.0 = Release|Any CPU
		{B15F9564-A714-4ABC-9533-C9C3F055C5E3}.Debug|Any CPU.ActiveCfg = Debug|Any CPU
		{B15F9564-A714-4ABC-9533-C9C3F055C5E3}.Debug|Any CPU.Build.0 = Debug|Any CPU
		{B15F9564-A714-4ABC-9533-C9C3F055C5E3}.Release|Any CPU.ActiveCfg = Release|Any CPU
		{B15F9564-A714-4ABC-9533-C9C3F055C5E3}.Release|Any CPU.Build.0 = Release|Any CPU
		{BBAE88D5-9BE3-AABC-3CA0-EBA93A9F8E47}.Debug|Any CPU.ActiveCfg = Debug|Any CPU
		{BBAE88D5-9BE3-AABC-3CA0-EBA93A9F8E47}.Debug|Any CPU.Build.0 = Debug|Any CPU
		{BBAE88D5-9BE3-AABC-3CA0-EBA93A9F8E47}.Release|Any CPU.ActiveCfg = Release|Any CPU
		{BBAE88D5-9BE3-AABC-3CA0-EBA93A9F8E47}.Release|Any CPU.Build.0 = Release|Any CPU
		{F20701EC-A617-E60D-5ED5-1CBA59EA8EB6}.Debug|Any CPU.ActiveCfg = Debug|Any CPU
		{F20701EC-A617-E60D-5ED5-1CBA59EA8EB6}.Debug|Any CPU.Build.0 = Debug|Any CPU
		{F20701EC-A617-E60D-5ED5-1CBA59EA8EB6}.Release|Any CPU.ActiveCfg = Release|Any CPU
		{F20701EC-A617-E60D-5ED5-1CBA59EA8EB6}.Release|Any CPU.Build.0 = Release|Any CPU
		{D46F0FDA-9495-B9C4-E27D-AFAACA2D7403}.Debug|Any CPU.ActiveCfg = Debug|Any CPU
		{D46F0FDA-9495-B9C4-E27D-AFAACA2D7403}.Debug|Any CPU.Build.0 = Debug|Any CPU
		{D46F0FDA-9495-B9C4-E27D-AFAACA2D7403}.Release|Any CPU.ActiveCfg = Release|Any CPU
		{D46F0FDA-9495-B9C4-E27D-AFAACA2D7403}.Release|Any CPU.Build.0 = Release|Any CPU
		{DD2E29E1-D135-3D29-DE92-D2DABEA0E634}.Debug|Any CPU.ActiveCfg = Debug|Any CPU
		{DD2E29E1-D135-3D29-DE92-D2DABEA0E634}.Debug|Any CPU.Build.0 = Debug|Any CPU
		{DD2E29E1-D135-3D29-DE92-D2DABEA0E634}.Release|Any CPU.ActiveCfg = Release|Any CPU
		{DD2E29E1-D135-3D29-DE92-D2DABEA0E634}.Release|Any CPU.Build.0 = Release|Any CPU
		{E89F0B76-5490-53F8-9991-E5C343D338ED}.Debug|Any CPU.ActiveCfg = Debug|Any CPU
		{E89F0B76-5490-53F8-9991-E5C343D338ED}.Debug|Any CPU.Build.0 = Debug|Any CPU
		{E89F0B76-5490-53F8-9991-E5C343D338ED}.Release|Any CPU.ActiveCfg = Release|Any CPU
		{E89F0B76-5490-53F8-9991-E5C343D338ED}.Release|Any CPU.Build.0 = Release|Any CPU
		{E9621C74-CCCF-1BCE-56F6-824729AC2B97}.Debug|Any CPU.ActiveCfg = Debug|Any CPU
		{E9621C74-CCCF-1BCE-56F6-824729AC2B97}.Debug|Any CPU.Build.0 = Debug|Any CPU
		{E9621C74-CCCF-1BCE-56F6-824729AC2B97}.Release|Any CPU.ActiveCfg = Release|Any CPU
		{E9621C74-CCCF-1BCE-56F6-824729AC2B97}.Release|Any CPU.Build.0 = Release|Any CPU
	EndGlobalSection
	GlobalSection(SolutionProperties) = preSolution
		HideSolutionNode = FALSE
	EndGlobalSection
	GlobalSection(NestedProjects) = preSolution
		{8F24F65E-94A4-4576-A389-997556313B11} = {66BFF8A2-32AE-4801-823C-0CB5DC3EB2CA}
		{37CCA44A-A49A-4BD8-AA50-95CF174588AF} = {66BFF8A2-32AE-4801-823C-0CB5DC3EB2CA}
		{AF693921-EADD-45D7-82AA-37F292FEC9F4} = {37CCA44A-A49A-4BD8-AA50-95CF174588AF}
		{86B5E020-5AC3-418E-B600-16E9828F68C7} = {37CCA44A-A49A-4BD8-AA50-95CF174588AF}
		{8A2D9C3D-EAEF-41AA-BA6B-2185D7177FA8} = {37CCA44A-A49A-4BD8-AA50-95CF174588AF}
		{E3C968F8-D455-4BE7-8FF7-5B31C20165AB} = {8F24F65E-94A4-4576-A389-997556313B11}
		{D70304B3-E0A8-45ED-9BD5-E1454C2A9DDE} = {8F24F65E-94A4-4576-A389-997556313B11}
		{39940B93-48F2-424E-87C7-B4940F6F0445} = {8F24F65E-94A4-4576-A389-997556313B11}
		{43F25A35-3F30-470D-8C53-5CCA102AED94} = {AF693921-EADD-45D7-82AA-37F292FEC9F4}
		{A0A750CF-01B2-461A-B28B-41BB0D7169B0} = {86B5E020-5AC3-418E-B600-16E9828F68C7}
		{20E24465-2312-43DC-9E41-35CF8AC031D2} = {86B5E020-5AC3-418E-B600-16E9828F68C7}
		{090BC8F7-EADE-40FB-A090-0545E99C29D4} = {8A2D9C3D-EAEF-41AA-BA6B-2185D7177FA8}
		{B4AB501A-3276-438C-A327-9825993D08C2} = {8A2D9C3D-EAEF-41AA-BA6B-2185D7177FA8}
		{B15F9564-A714-4ABC-9533-C9C3F055C5E3} = {8A2D9C3D-EAEF-41AA-BA6B-2185D7177FA8}
		{527982D5-F936-4B22-BFAB-39067A6D62A6} = {37CCA44A-A49A-4BD8-AA50-95CF174588AF}
		{BBAE88D5-9BE3-AABC-3CA0-EBA93A9F8E47} = {527982D5-F936-4B22-BFAB-39067A6D62A6}
		{F20701EC-A617-E60D-5ED5-1CBA59EA8EB6} = {527982D5-F936-4B22-BFAB-39067A6D62A6}
		{D46F0FDA-9495-B9C4-E27D-AFAACA2D7403} = {527982D5-F936-4B22-BFAB-39067A6D62A6}
		{DD2E29E1-D135-3D29-DE92-D2DABEA0E634} = {527982D5-F936-4B22-BFAB-39067A6D62A6}
		{E89F0B76-5490-53F8-9991-E5C343D338ED} = {527982D5-F936-4B22-BFAB-39067A6D62A6}
		{E9621C74-CCCF-1BCE-56F6-824729AC2B97} = {527982D5-F936-4B22-BFAB-39067A6D62A6}
	EndGlobalSection
	GlobalSection(ExtensibilityGlobals) = postSolution
		SolutionGuid = {278FFC7D-F1B2-455F-9C98-BBABDCF0F750}
	EndGlobalSection
EndGlobal
