
Microsoft Visual Studio Solution File, Format Version 12.00
# Visual Studio 15
VisualStudioVersion = 15.0.28307.852
MinimumVisualStudioVersion = 10.0.40219.1
Project("{9A19103F-16F7-4668-BE54-9A1E7A4F7556}") = "ASOFT.Core.DataAccess", "ASOFT.Core.DataAccess\ASOFT.Core.DataAccess.csproj", "{AB754B4F-D7A1-434F-9993-432833A8619C}"
EndProject
Project("{9A19103F-16F7-4668-BE54-9A1E7A4F7556}") = "ASOFT.Core.DataAccess.Abstractions", "ASOFT.Core.DataAccess.Abstractions\ASOFT.Core.DataAccess.Abstractions.csproj", "{6A0805A8-76A8-4610-AD8B-D4D5AA504BBF}"
EndProject
Project("{9A19103F-16F7-4668-BE54-9A1E7A4F7556}") = "ASOFT.Core.DataAccess.Entities", "ASOFT.Core.DataAccess.Entity\ASOFT.Core.DataAccess.Entities.csproj", "{A3E99827-2856-42B7-9C34-C2E5381B7D28}"
EndProject
Global
	GlobalSection(SolutionConfigurationPlatforms) = preSolution
		Debug|Any CPU = Debug|Any CPU
		Release|Any CPU = Release|Any CPU
	EndGlobalSection
	GlobalSection(ProjectConfigurationPlatforms) = postSolution
		{AB754B4F-D7A1-434F-9993-432833A8619C}.Debug|Any CPU.ActiveCfg = Debug|Any CPU
		{AB754B4F-D7A1-434F-9993-432833A8619C}.Debug|Any CPU.Build.0 = Debug|Any CPU
		{AB754B4F-D7A1-434F-9993-432833A8619C}.Release|Any CPU.ActiveCfg = Release|Any CPU
		{AB754B4F-D7A1-434F-9993-432833A8619C}.Release|Any CPU.Build.0 = Release|Any CPU
		{6A0805A8-76A8-4610-AD8B-D4D5AA504BBF}.Debug|Any CPU.ActiveCfg = Debug|Any CPU
		{6A0805A8-76A8-4610-AD8B-D4D5AA504BBF}.Debug|Any CPU.Build.0 = Debug|Any CPU
		{6A0805A8-76A8-4610-AD8B-D4D5AA504BBF}.Release|Any CPU.ActiveCfg = Release|Any CPU
		{6A0805A8-76A8-4610-AD8B-D4D5AA504BBF}.Release|Any CPU.Build.0 = Release|Any CPU
		{A3E99827-2856-42B7-9C34-C2E5381B7D28}.Debug|Any CPU.ActiveCfg = Debug|Any CPU
		{A3E99827-2856-42B7-9C34-C2E5381B7D28}.Debug|Any CPU.Build.0 = Debug|Any CPU
		{A3E99827-2856-42B7-9C34-C2E5381B7D28}.Release|Any CPU.ActiveCfg = Release|Any CPU
		{A3E99827-2856-42B7-9C34-C2E5381B7D28}.Release|Any CPU.Build.0 = Release|Any CPU
	EndGlobalSection
	GlobalSection(SolutionProperties) = preSolution
		HideSolutionNode = FALSE
	EndGlobalSection
	GlobalSection(ExtensibilityGlobals) = postSolution
		SolutionGuid = {02DB1CAC-2D50-450D-866D-FA39496A4122}
	EndGlobalSection
EndGlobal
