
Microsoft Visual Studio Solution File, Format Version 12.00
# Visual Studio 15
VisualStudioVersion = 15.0.28307.902
MinimumVisualStudioVersion = 10.0.40219.1
Project("{9A19103F-16F7-4668-BE54-9A1E7A4F7556}") = "ASOFT.Core.Business.Devices.API", "ASOFT.Core.Business.Devices.API\ASOFT.Core.Business.Devices.API.csproj", "{304301FA-D9E4-4A9C-9DED-911A97F664E1}"
EndProject
Project("{9A19103F-16F7-4668-BE54-9A1E7A4F7556}") = "ASOFT.Core.Business.Devices.Business", "ASOFT.Core.Business.Devices.Business\ASOFT.Core.Business.Devices.Business.csproj", "{8CE38F6A-185C-4804-BBAB-978E9B4D618C}"
EndProject
Project("{9A19103F-16F7-4668-BE54-9A1E7A4F7556}") = "ASOFT.Core.Business.Devices.DataAccess", "ASOFT.Core.Business.Devices.DataAccess\ASOFT.Core.Business.Devices.DataAccess.csproj", "{842D40B6-6364-4432-956A-1A7DC4F5FCAC}"
EndProject
Global
	GlobalSection(SolutionConfigurationPlatforms) = preSolution
		Debug|Any CPU = Debug|Any CPU
		Release|Any CPU = Release|Any CPU
	EndGlobalSection
	GlobalSection(ProjectConfigurationPlatforms) = postSolution
		{304301FA-D9E4-4A9C-9DED-911A97F664E1}.Debug|Any CPU.ActiveCfg = Debug|Any CPU
		{304301FA-D9E4-4A9C-9DED-911A97F664E1}.Debug|Any CPU.Build.0 = Debug|Any CPU
		{304301FA-D9E4-4A9C-9DED-911A97F664E1}.Release|Any CPU.ActiveCfg = Release|Any CPU
		{304301FA-D9E4-4A9C-9DED-911A97F664E1}.Release|Any CPU.Build.0 = Release|Any CPU
		{8CE38F6A-185C-4804-BBAB-978E9B4D618C}.Debug|Any CPU.ActiveCfg = Debug|Any CPU
		{8CE38F6A-185C-4804-BBAB-978E9B4D618C}.Debug|Any CPU.Build.0 = Debug|Any CPU
		{8CE38F6A-185C-4804-BBAB-978E9B4D618C}.Release|Any CPU.ActiveCfg = Release|Any CPU
		{8CE38F6A-185C-4804-BBAB-978E9B4D618C}.Release|Any CPU.Build.0 = Release|Any CPU
		{842D40B6-6364-4432-956A-1A7DC4F5FCAC}.Debug|Any CPU.ActiveCfg = Debug|Any CPU
		{842D40B6-6364-4432-956A-1A7DC4F5FCAC}.Debug|Any CPU.Build.0 = Debug|Any CPU
		{842D40B6-6364-4432-956A-1A7DC4F5FCAC}.Release|Any CPU.ActiveCfg = Release|Any CPU
		{842D40B6-6364-4432-956A-1A7DC4F5FCAC}.Release|Any CPU.Build.0 = Release|Any CPU
	EndGlobalSection
	GlobalSection(SolutionProperties) = preSolution
		HideSolutionNode = FALSE
	EndGlobalSection
	GlobalSection(ExtensibilityGlobals) = postSolution
		SolutionGuid = {027044B5-3134-41CE-99CF-6840E1978359}
	EndGlobalSection
EndGlobal
